
Microsoft Visual Studio Solution File, Format Version 12.00
# Visual Studio Version 16
VisualStudioVersion = 25.0.1704.5
MinimumVisualStudioVersion = 10.0.40219.1
Project("{FAE04EC0-301F-11D3-BF4B-00C04F79EFBC}") = "ControlTemplate.Android", "ControlTemplate\ControlTemplate.Android\ControlTemplate.Android.csproj", "{05A66FF0-AB44-43B1-9B35-08A9ABAA9784}"
EndProject
Project("{FAE04EC0-301F-11D3-BF4B-00C04F79EFBC}") = "ControlTemplate.iOS", "ControlTemplate\ControlTemplate.iOS\ControlTemplate.iOS.csproj", "{22B27C6F-9E48-499F-95F1-4D639B1BC4A8}"
EndProject
Project("{FAE04EC0-301F-11D3-BF4B-00C04F79EFBC}") = "ControlTemplate", "ControlTemplate\ControlTemplate\ControlTemplate.csproj", "{141405D3-7BDD-47C1-8CC0-8FFD85543B4A}"
EndProject
Global
	GlobalSection(SolutionConfigurationPlatforms) = preSolution
		Debug|Any CPU = Debug|Any CPU
		Release|Any CPU = Release|Any CPU
		Debug|iPhoneSimulator = Debug|iPhoneSimulator
		Release|iPhoneSimulator = Release|iPhoneSimulator
		Debug|iPhone = Debug|iPhone
		Release|iPhone = Release|iPhone
	EndGlobalSection
	GlobalSection(ProjectConfigurationPlatforms) = postSolution
		{05A66FF0-AB44-43B1-9B35-08A9ABAA9784}.Debug|Any CPU.ActiveCfg = Debug|Any CPU
		{05A66FF0-AB44-43B1-9B35-08A9ABAA9784}.Debug|Any CPU.Build.0 = Debug|Any CPU
		{05A66FF0-AB44-43B1-9B35-08A9ABAA9784}.Release|Any CPU.ActiveCfg = Release|Any CPU
		{05A66FF0-AB44-43B1-9B35-08A9ABAA9784}.Release|Any CPU.Build.0 = Release|Any CPU
		{05A66FF0-AB44-43B1-9B35-08A9ABAA9784}.Debug|iPhoneSimulator.ActiveCfg = Debug|Any CPU
		{05A66FF0-AB44-43B1-9B35-08A9ABAA9784}.Debug|iPhoneSimulator.Build.0 = Debug|Any CPU
		{05A66FF0-AB44-43B1-9B35-08A9ABAA9784}.Release|iPhoneSimulator.ActiveCfg = Release|Any CPU
		{05A66FF0-AB44-43B1-9B35-08A9ABAA9784}.Release|iPhoneSimulator.Build.0 = Release|Any CPU
		{05A66FF0-AB44-43B1-9B35-08A9ABAA9784}.Debug|iPhone.ActiveCfg = Debug|Any CPU
		{05A66FF0-AB44-43B1-9B35-08A9ABAA9784}.Debug|iPhone.Build.0 = Debug|Any CPU
		{05A66FF0-AB44-43B1-9B35-08A9ABAA9784}.Release|iPhone.ActiveCfg = Release|Any CPU
		{05A66FF0-AB44-43B1-9B35-08A9ABAA9784}.Release|iPhone.Build.0 = Release|Any CPU
		{22B27C6F-9E48-499F-95F1-4D639B1BC4A8}.Debug|Any CPU.ActiveCfg = Debug|iPhoneSimulator
		{22B27C6F-9E48-499F-95F1-4D639B1BC4A8}.Debug|Any CPU.Build.0 = Debug|iPhoneSimulator
		{22B27C6F-9E48-499F-95F1-4D639B1BC4A8}.Release|Any CPU.ActiveCfg = Release|iPhoneSimulator
		{22B27C6F-9E48-499F-95F1-4D639B1BC4A8}.Release|Any CPU.Build.0 = Release|iPhoneSimulator
		{22B27C6F-9E48-499F-95F1-4D639B1BC4A8}.Debug|iPhoneSimulator.ActiveCfg = Debug|iPhoneSimulator
		{22B27C6F-9E48-499F-95F1-4D639B1BC4A8}.Debug|iPhoneSimulator.Build.0 = Debug|iPhoneSimulator
		{22B27C6F-9E48-499F-95F1-4D639B1BC4A8}.Release|iPhoneSimulator.ActiveCfg = Release|iPhoneSimulator
		{22B27C6F-9E48-499F-95F1-4D639B1BC4A8}.Release|iPhoneSimulator.Build.0 = Release|iPhoneSimulator
		{22B27C6F-9E48-499F-95F1-4D639B1BC4A8}.Debug|iPhone.ActiveCfg = Debug|iPhone
		{22B27C6F-9E48-499F-95F1-4D639B1BC4A8}.Debug|iPhone.Build.0 = Debug|iPhone
		{22B27C6F-9E48-499F-95F1-4D639B1BC4A8}.Release|iPhone.ActiveCfg = Release|iPhone
		{22B27C6F-9E48-499F-95F1-4D639B1BC4A8}.Release|iPhone.Build.0 = Release|iPhone
		{141405D3-7BDD-47C1-8CC0-8FFD85543B4A}.Debug|Any CPU.ActiveCfg = Debug|Any CPU
		{141405D3-7BDD-47C1-8CC0-8FFD85543B4A}.Debug|Any CPU.Build.0 = Debug|Any CPU
		{141405D3-7BDD-47C1-8CC0-8FFD85543B4A}.Release|Any CPU.ActiveCfg = Release|Any CPU
		{141405D3-7BDD-47C1-8CC0-8FFD85543B4A}.Release|Any CPU.Build.0 = Release|Any CPU
		{141405D3-7BDD-47C1-8CC0-8FFD85543B4A}.Debug|iPhoneSimulator.ActiveCfg = Debug|Any CPU
		{141405D3-7BDD-47C1-8CC0-8FFD85543B4A}.Debug|iPhoneSimulator.Build.0 = Debug|Any CPU
		{141405D3-7BDD-47C1-8CC0-8FFD85543B4A}.Release|iPhoneSimulator.ActiveCfg = Release|Any CPU
		{141405D3-7BDD-47C1-8CC0-8FFD85543B4A}.Release|iPhoneSimulator.Build.0 = Release|Any CPU
		{141405D3-7BDD-47C1-8CC0-8FFD85543B4A}.Debug|iPhone.ActiveCfg = Debug|Any CPU
		{141405D3-7BDD-47C1-8CC0-8FFD85543B4A}.Debug|iPhone.Build.0 = Debug|Any CPU
		{141405D3-7BDD-47C1-8CC0-8FFD85543B4A}.Release|iPhone.ActiveCfg = Release|Any CPU
		{141405D3-7BDD-47C1-8CC0-8FFD85543B4A}.Release|iPhone.Build.0 = Release|Any CPU
	EndGlobalSection
	GlobalSection(SolutionProperties) = preSolution
		HideSolutionNode = FALSE
	EndGlobalSection
	GlobalSection(ExtensibilityGlobals) = postSolution
		SolutionGuid = {0A73E4F4-AEBB-49E8-BA98-CD7A4E89388A}
	EndGlobalSection
EndGlobal
